PODS:
  - camera_avfoundation (0.0.1):
    - Flutter
  - convert_native_img_stream (0.0.1):
    - Flutter
  - Flutter (1.0.0)

DEPENDENCIES:
  - camera_avfoundation (from `.symlinks/plugins/camera_avfoundation/ios`)
  - convert_native_img_stream (from `.symlinks/plugins/convert_native_img_stream/ios`)
  - Flutter (from `Flutter`)

EXTERNAL SOURCES:
  camera_avfoundation:
    :path: ".symlinks/plugins/camera_avfoundation/ios"
  convert_native_img_stream:
    :path: ".symlinks/plugins/convert_native_img_stream/ios"
  Flutter:
    :path: Flutter

SPEC CHECKSUMS:
  camera_avfoundation: dd002b0330f4981e1bbcb46ae9b62829237459a4
  convert_native_img_stream: 4da7b467afdcc2c48ae0fcd4dc19e48738b0f8d2
  Flutter: e0871f40cf51350855a761d2e70bf5af5b9b5de7

PODFILE CHECKSUM: 775997f741c536251164e3eacf6e34abf2eb7a17

COCOAPODS: 1.15.2
